
Microsoft Visual Studio Solution File, Format Version 12.00
# Visual Studio Version 17
VisualStudioVersion = 17.9.34701.34
MinimumVisualStudioVersion = 10.0.40219.1
Project("{FAE04EC0-301F-11D3-BF4B-00C04F79EFBC}") = "UniqueNumbers", "UniqueNumbers\UniqueNumbers.csproj", "{BDB74F40-2A4C-44E8-920C-DB9B1FD9A555}"
EndProject
Global
	GlobalSection(SolutionConfigurationPlatforms) = preSolution
		Debug|Any CPU = Debug|Any CPU
		Release|Any CPU = Release|Any CPU
	EndGlobalSection
	GlobalSection(ProjectConfigurationPlatforms) = postSolution
		{BDB74F40-2A4C-44E8-920C-DB9B1FD9A555}.Debug|Any CPU.ActiveCfg = Debug|Any CPU
		{BDB74F40-2A4C-44E8-920C-DB9B1FD9A555}.Debug|Any CPU.Build.0 = Debug|Any CPU
		{BDB74F40-2A4C-44E8-920C-DB9B1FD9A555}.Release|Any CPU.ActiveCfg = Release|Any CPU
		{BDB74F40-2A4C-44E8-920C-DB9B1FD9A555}.Release|Any CPU.Build.0 = Release|Any CPU
	EndGlobalSection
	GlobalSection(SolutionProperties) = preSolution
		HideSolutionNode = FALSE
	EndGlobalSection
	GlobalSection(ExtensibilityGlobals) = postSolution
		SolutionGuid = {800E4C1C-F15A-494D-9B3F-6C5ACE11053B}
	EndGlobalSection
EndGlobal
